
Microsoft Visual Studio Solution File, Format Version 12.00
# Visual Studio 15
VisualStudioVersion = 15.0.27703.2047
MinimumVisualStudioVersion = 10.0.40219.1
Project("{FAE04EC0-301F-11D3-BF4B-00C04F79EFBC}") = "ServerSideSPA.Server", "ServerSideSPA.Server\ServerSideSPA.Server.csproj", "{AC295127-CB43-4013-9E49-6A47630E6BE1}"
EndProject
Project("{FAE04EC0-301F-11D3-BF4B-00C04F79EFBC}") = "ServerSideSPA.App", "ServerSideSPA.App\ServerSideSPA.App.csproj", "{CC819C13-DB0B-4F82-96E3-D594DF43626F}"
EndProject
Global
	GlobalSection(SolutionConfigurationPlatforms) = preSolution
		Debug|Any CPU = Debug|Any CPU
		Release|Any CPU = Release|Any CPU
	EndGlobalSection
	GlobalSection(ProjectConfigurationPlatforms) = postSolution
		{AC295127-CB43-4013-9E49-6A47630E6BE1}.Debug|Any CPU.ActiveCfg = Debug|Any CPU
		{AC295127-CB43-4013-9E49-6A47630E6BE1}.Debug|Any CPU.Build.0 = Debug|Any CPU
		{AC295127-CB43-4013-9E49-6A47630E6BE1}.Release|Any CPU.ActiveCfg = Release|Any CPU
		{AC295127-CB43-4013-9E49-6A47630E6BE1}.Release|Any CPU.Build.0 = Release|Any CPU
		{CC819C13-DB0B-4F82-96E3-D594DF43626F}.Debug|Any CPU.ActiveCfg = Debug|Any CPU
		{CC819C13-DB0B-4F82-96E3-D594DF43626F}.Debug|Any CPU.Build.0 = Debug|Any CPU
		{CC819C13-DB0B-4F82-96E3-D594DF43626F}.Release|Any CPU.ActiveCfg = Release|Any CPU
		{CC819C13-DB0B-4F82-96E3-D594DF43626F}.Release|Any CPU.Build.0 = Release|Any CPU
	EndGlobalSection
	GlobalSection(SolutionProperties) = preSolution
		HideSolutionNode = FALSE
	EndGlobalSection
	GlobalSection(ExtensibilityGlobals) = postSolution
		SolutionGuid = {8FEEBFAB-9595-4C58-9C10-6DC8E51EF467}
	EndGlobalSection
EndGlobal
