
Microsoft Visual Studio Solution File, Format Version 12.00
# Visual Studio Version 17
VisualStudioVersion = 17.0.31903.59
MinimumVisualStudioVersion = 10.0.40219.1
Project("{9A19103F-16F7-4668-BE54-9A1E7A4F7556}") = "ServerSideSPA", "ServerSideSPA\ServerSideSPA.csproj", "{81E9EB41-CF38-41B0-8413-8E42CE555E10}"
EndProject
Global
	GlobalSection(SolutionConfigurationPlatforms) = preSolution
		Debug|Any CPU = Debug|Any CPU
		Release|Any CPU = Release|Any CPU
	EndGlobalSection
	GlobalSection(ProjectConfigurationPlatforms) = postSolution
		{81E9EB41-CF38-41B0-8413-8E42CE555E10}.Debug|Any CPU.ActiveCfg = Debug|Any CPU
		{81E9EB41-CF38-41B0-8413-8E42CE555E10}.Debug|Any CPU.Build.0 = Debug|Any CPU
		{81E9EB41-CF38-41B0-8413-8E42CE555E10}.Release|Any CPU.ActiveCfg = Release|Any CPU
		{81E9EB41-CF38-41B0-8413-8E42CE555E10}.Release|Any CPU.Build.0 = Release|Any CPU
	EndGlobalSection
	GlobalSection(SolutionProperties) = preSolution
		HideSolutionNode = FALSE
	EndGlobalSection
	GlobalSection(ExtensibilityGlobals) = postSolution
		SolutionGuid = {5C8B4528-09E6-4E25-BBDC-820BF11A4C83}
	EndGlobalSection
EndGlobal
